
Microsoft Visual Studio Solution File, Format Version 12.00
# Visual Studio Version 16
VisualStudioVersion = 16.0.30804.86
MinimumVisualStudioVersion = 10.0.40219.1
Project("{FAE04EC0-301F-11D3-BF4B-00C04F79EFBC}") = "ConsoleApp8", "ConsoleApp8\ConsoleApp8.csproj", "{3F30D785-E9F3-4BFC-AF0B-CE6B900BBCBF}"
EndProject
Global
	GlobalSection(SolutionConfigurationPlatforms) = preSolution
		Debug|Any CPU = Debug|Any CPU
		Release|Any CPU = Release|Any CPU
	EndGlobalSection
	GlobalSection(ProjectConfigurationPlatforms) = postSolution
		{3F30D785-E9F3-4BFC-AF0B-CE6B900BBCBF}.Debug|Any CPU.ActiveCfg = Debug|Any CPU
		{3F30D785-E9F3-4BFC-AF0B-CE6B900BBCBF}.Debug|Any CPU.Build.0 = Debug|Any CPU
		{3F30D785-E9F3-4BFC-AF0B-CE6B900BBCBF}.Release|Any CPU.ActiveCfg = Release|Any CPU
		{3F30D785-E9F3-4BFC-AF0B-CE6B900BBCBF}.Release|Any CPU.Build.0 = Release|Any CPU
	EndGlobalSection
	GlobalSection(SolutionProperties) = preSolution
		HideSolutionNode = FALSE
	EndGlobalSection
	GlobalSection(ExtensibilityGlobals) = postSolution
		SolutionGuid = {7282DBA5-261D-445E-A68D-05C732889264}
	EndGlobalSection
EndGlobal
